// !$*UTF8*$!
{
	archiveVersion = 1;
	classes = {};
	objectVersion = 56;
	objects = {

/* Begin PBXBuildFile section */
		A10000000000000000000011 /* EMGCompanionApp.swift in Sources */ = {isa = PBXBuildFile; fileRef = A10000000000000000000021 /* EMGCompanionApp.swift */; };
		A10000000000000000000012 /* ContentView.swift in Sources */ = {isa = PBXBuildFile; fileRef = A10000000000000000000022 /* ContentView.swift */; };
		A10000000000000000000013 /* Assets.xcassets in Resources */ = {isa = PBXBuildFile; fileRef = A10000000000000000000024 /* Assets.xcassets */; };
/* End PBXBuildFile section */

/* Begin PBXFileReference section */
		A10000000000000000000021 /* EMGCompanionApp.swift */ = {isa = PBXFileReference; lastKnownFileType = sourcecode.swift; path = EMGCompanionApp.swift; sourceTree = "<group>"; };
		A10000000000000000000022 /* ContentView.swift */ = {isa = PBXFileReference; lastKnownFileType = sourcecode.swift; path = ContentView.swift; sourceTree = "<group>"; };
		A10000000000000000000023 /* EMGCompanion.app */ = {isa = PBXFileReference; explicitFileType = wrapper.application; includeInIndex = 0; path = EMGCompanion.app; sourceTree = BUILT_PRODUCTS_DIR; };
		A10000000000000000000024 /* Assets.xcassets */ = {isa = PBXFileReference; lastKnownFileType = folder.assetcatalog; path = Assets.xcassets; sourceTree = "<group>"; };
/* End PBXFileReference section */

/* Begin PBXFrameworksBuildPhase section */
		A10000000000000000000031 /* Frameworks */ = {
			isa = PBXFrameworksBuildPhase;
			buildActionMask = 2147483647;
			files = ();
			runOnlyForDeploymentPostprocessing = 0;
		};
/* End PBXFrameworksBuildPhase section */

/* Begin PBXGroup section */
		A10000000000000000000041 = {
			isa = PBXGroup;
			children = (
				A10000000000000000000021 /* EMGCompanionApp.swift */,
				A10000000000000000000022 /* ContentView.swift */,
				A10000000000000000000024 /* Assets.xcassets */,
				A10000000000000000000042 /* Products */,
			);
			sourceTree = "<group>";
		};
		A10000000000000000000042 /* Products */ = {
			isa = PBXGroup;
			name = Products;
			children = (
				A10000000000000000000023 /* EMGCompanion.app */,
			);
			sourceTree = "<group>";
		};
/* End PBXGroup section */

/* Begin PBXNativeTarget section */
		A10000000000000000000002 /* EMGCompanion */ = {
			isa = PBXNativeTarget;
			buildConfigurationList = A10000000000000000000052 /* Build configuration list for PBXNativeTarget "EMGCompanion" */;
			buildPhases = (
				A10000000000000000000034 /* Compile Kotlin Framework */,
				A10000000000000000000033 /* Sources */,
				A10000000000000000000031 /* Frameworks */,
				A10000000000000000000032 /* Resources */,
			);
			buildRules = ();
			dependencies = ();
			name = EMGCompanion;
			productName = EMGCompanion;
			productReference = A10000000000000000000023 /* EMGCompanion.app */;
			productType = "com.apple.product-type.application";
		};
/* End PBXNativeTarget section */

/* Begin PBXProject section */
		A10000000000000000000001 /* Project object */ = {
			isa = PBXProject;
			attributes = {
				BuildIndependentTargetsInParallel = 1;
				LastUpgradeCheck = 2700;
				TargetAttributes = {
					A10000000000000000000002 = {
						CreatedOnToolsVersion = 27.0;
					};
				};
			};
			buildConfigurationList = A10000000000000000000051 /* Build configuration list for PBXProject "iosApp" */;
			compatibilityVersion = "Xcode 14.0";
			developmentRegion = en;
			hasScannedForEncodings = 0;
			knownRegions = (
				en,
				Base,
			);
			mainGroup = A10000000000000000000041;
			productRefGroup = A10000000000000000000042 /* Products */;
			projectDirPath = "";
			projectRoot = "";
			targets = (
				A10000000000000000000002 /* EMGCompanion */,
			);
		};
/* End PBXProject section */

/* Begin PBXResourcesBuildPhase section */
		A10000000000000000000032 /* Resources */ = {
			isa = PBXResourcesBuildPhase;
			buildActionMask = 2147483647;
			files = (
				A10000000000000000000013 /* Assets.xcassets in Resources */,
			);
			runOnlyForDeploymentPostprocessing = 0;
		};
/* End PBXResourcesBuildPhase section */

/* Begin PBXShellScriptBuildPhase section */
		A10000000000000000000034 /* Compile Kotlin Framework */ = {
			isa = PBXShellScriptBuildPhase;
			alwaysOutOfDate = 1;
			buildActionMask = 2147483647;
			files = ();
			inputFileListPaths = ();
			inputPaths = ();
			name = "Compile Kotlin Framework";
			outputFileListPaths = ();
			outputPaths = ();
			runOnlyForDeploymentPostprocessing = 0;
			shellPath = /bin/sh;
			shellScript = "if [ \"${OVERRIDE_KOTLIN_BUILD_IDE_SUPPORTED:-NO}\" = \"YES\" ]; then\n    echo \"Skipping the Gradle framework task because the IDE already ran it.\"\n    exit 0\nfi\ncd \"$SRCROOT/..\"\n./gradlew :composeApp:embedAndSignAppleFrameworkForXcode\n";
		};
/* End PBXShellScriptBuildPhase section */

/* Begin PBXSourcesBuildPhase section */
		A10000000000000000000033 /* Sources */ = {
			isa = PBXSourcesBuildPhase;
			buildActionMask = 2147483647;
			files = (
				A10000000000000000000011 /* EMGCompanionApp.swift in Sources */,
				A10000000000000000000012 /* ContentView.swift in Sources */,
			);
			runOnlyForDeploymentPostprocessing = 0;
		};
/* End PBXSourcesBuildPhase section */

/* Begin XCBuildConfiguration section */
		A10000000000000000000061 /* Debug project settings */ = {
			isa = XCBuildConfiguration;
			buildSettings = {
				ALWAYS_SEARCH_USER_PATHS = NO;
				CLANG_ENABLE_MODULES = YES;
				CLANG_ENABLE_OBJC_ARC = YES;
				SDKROOT = iphoneos;
			};
			name = Debug;
		};
		A10000000000000000000062 /* Release project settings */ = {
			isa = XCBuildConfiguration;
			buildSettings = {
				ALWAYS_SEARCH_USER_PATHS = NO;
				CLANG_ENABLE_MODULES = YES;
				CLANG_ENABLE_OBJC_ARC = YES;
				SDKROOT = iphoneos;
			};
			name = Release;
		};
		A10000000000000000000063 /* Debug target settings */ = {
			isa = XCBuildConfiguration;
			buildSettings = {
				CODE_SIGN_STYLE = Automatic;
				CURRENT_PROJECT_VERSION = 1;
				ENABLE_USER_SCRIPT_SANDBOXING = NO;
				"EXCLUDED_ARCHS[sdk=iphonesimulator*]" = x86_64;
				INFOPLIST_FILE = Info.plist;
				FRAMEWORK_SEARCH_PATHS = (
					"$(inherited)",
					"$(SRCROOT)/../composeApp/build/xcode-frameworks/$(CONFIGURATION)/$(SDK_NAME)",
				);
				GENERATE_INFOPLIST_FILE = YES;
				INFOPLIST_KEY_CFBundleDisplayName = "EMG Companion";
				IPHONEOS_DEPLOYMENT_TARGET = 16.0;
				LD_RUNPATH_SEARCH_PATHS = (
					"$(inherited)",
					"@executable_path/Frameworks",
				);
				MARKETING_VERSION = 0.1.0;
				OTHER_LDFLAGS = (
					"$(inherited)",
					"-framework",
					ComposeApp,
				);
				PRODUCT_BUNDLE_IDENTIFIER = com.example.emgcompanion.ios;
				PRODUCT_NAME = "$(TARGET_NAME)";
				SUPPORTED_PLATFORMS = "iphoneos iphonesimulator";
				SWIFT_EMIT_LOC_STRINGS = YES;
				SWIFT_VERSION = 5.0;
				TARGETED_DEVICE_FAMILY = "1,2";
			};
			name = Debug;
		};
		A10000000000000000000064 /* Release target settings */ = {
			isa = XCBuildConfiguration;
			buildSettings = {
				CODE_SIGN_STYLE = Automatic;
				CURRENT_PROJECT_VERSION = 1;
				ENABLE_USER_SCRIPT_SANDBOXING = NO;
				"EXCLUDED_ARCHS[sdk=iphonesimulator*]" = x86_64;
				INFOPLIST_FILE = Info.plist;
				FRAMEWORK_SEARCH_PATHS = (
					"$(inherited)",
					"$(SRCROOT)/../composeApp/build/xcode-frameworks/$(CONFIGURATION)/$(SDK_NAME)",
				);
				GENERATE_INFOPLIST_FILE = YES;
				INFOPLIST_KEY_CFBundleDisplayName = "EMG Companion";
				IPHONEOS_DEPLOYMENT_TARGET = 16.0;
				LD_RUNPATH_SEARCH_PATHS = (
					"$(inherited)",
					"@executable_path/Frameworks",
				);
				MARKETING_VERSION = 0.1.0;
				OTHER_LDFLAGS = (
					"$(inherited)",
					"-framework",
					ComposeApp,
				);
				PRODUCT_BUNDLE_IDENTIFIER = com.example.emgcompanion.ios;
				PRODUCT_NAME = "$(TARGET_NAME)";
				SUPPORTED_PLATFORMS = "iphoneos iphonesimulator";
				SWIFT_EMIT_LOC_STRINGS = YES;
				SWIFT_VERSION = 5.0;
				TARGETED_DEVICE_FAMILY = "1,2";
			};
			name = Release;
		};
/* End XCBuildConfiguration section */

/* Begin XCConfigurationList section */
		A10000000000000000000051 /* Build configuration list for PBXProject "iosApp" */ = {
			isa = XCConfigurationList;
			buildConfigurations = (
				A10000000000000000000061 /* Debug project settings */,
				A10000000000000000000062 /* Release project settings */,
			);
			defaultConfigurationIsVisible = 0;
			defaultConfigurationName = Release;
		};
		A10000000000000000000052 /* Build configuration list for PBXNativeTarget "EMGCompanion" */ = {
			isa = XCConfigurationList;
			buildConfigurations = (
				A10000000000000000000063 /* Debug target settings */,
				A10000000000000000000064 /* Release target settings */,
			);
			defaultConfigurationIsVisible = 0;
			defaultConfigurationName = Release;
		};
/* End XCConfigurationList section */
	};
	rootObject = A10000000000000000000001 /* Project object */;
}
